{
  "name": "yingguocheng",
  "version": "1.0.0",
  "lockfileVersion": 1,
  "requires": true,
  "dependencies": {
    "@types/uni-app": {
      "version": "1.4.3",
      "resolved": "https://registry.npmjs.org/@types/uni-app/-/uni-app-1.4.3.tgz",
      "integrity": "sha512-i2P+ARDpMWrAlubqp54LYBEAxZhPML3kHW9qLxwK7ZvInoI8xaYDDhqukp5xisBftVrZ7+jUa7spCDXy6qBMvQ==",
      "dev": true,
      "requires": {
        "vue": "^2.6.8"
      }
    },
    "vue": {
      "version": "2.6.12",
      "resolved": "https://registry.npmjs.org/vue/-/vue-2.6.12.tgz",
      "integrity": "sha512-uhmLFETqPPNyuLLbsKz6ioJ4q7AZHzD8ZVFNATNyICSZouqP2Sz0rotWQC8UNBF6VGSCs5abnKJoStA6JbCbfg=="
    },
    "vue-jsonp": {
      "version": "2.0.0",
      "resolved": "https://registry.npmjs.org/vue-jsonp/-/vue-jsonp-2.0.0.tgz",
      "integrity": "sha512-Mzd9GNeuKP5hHFDWZNMWOsCuMILSkA6jo2l4A02wheFz3qqBzH7aSEFTey1BRCZCLizlaf1EqJ5YUtF392KspA=="
    }
  }
}
